
Microsoft Visual Studio Solution File, Format Version 12.00
# Visual Studio Version 17
VisualStudioVersion = 17.7.34221.43
MinimumVisualStudioVersion = 10.0.40219.1
Project("{FAE04EC0-301F-11D3-BF4B-00C04F79EFBC}") = "YigitCanYilmazHW", "YigitCanYilmazHW\YigitCanYilmazHW.csproj", "{59910080-CD6F-4A47-B985-71603186F929}"
EndProject
Global
	GlobalSection(SolutionConfigurationPlatforms) = preSolution
		Debug|Any CPU = Debug|Any CPU
		Release|Any CPU = Release|Any CPU
	EndGlobalSection
	GlobalSection(ProjectConfigurationPlatforms) = postSolution
		{59910080-CD6F-4A47-B985-71603186F929}.Debug|Any CPU.ActiveCfg = Debug|Any CPU
		{59910080-CD6F-4A47-B985-71603186F929}.Debug|Any CPU.Build.0 = Debug|Any CPU
		{59910080-CD6F-4A47-B985-71603186F929}.Release|Any CPU.ActiveCfg = Release|Any CPU
		{59910080-CD6F-4A47-B985-71603186F929}.Release|Any CPU.Build.0 = Release|Any CPU
	EndGlobalSection
	GlobalSection(SolutionProperties) = preSolution
		HideSolutionNode = FALSE
	EndGlobalSection
	GlobalSection(ExtensibilityGlobals) = postSolution
		SolutionGuid = {E19A1A73-4D58-4BA7-81EA-B671D2DDAD80}
	EndGlobalSection
EndGlobal
